
Microsoft Visual Studio Solution File, Format Version 12.00
# Visual Studio Version 16
VisualStudioVersion = 16.0.29609.76
MinimumVisualStudioVersion = 10.0.40219.1
Project("{9A19103F-16F7-4668-BE54-9A1E7A4F7556}") = "CrudDesenvolvedores", "CrudDesenvolvedores\CrudDesenvolvedores.csproj", "{5115FDB3-5839-4F54-BB59-1263BBE025A6}"
EndProject
Project("{9A19103F-16F7-4668-BE54-9A1E7A4F7556}") = "CrudDesenvolvedoresTeste", "CrudDesenvolvedoresTeste\CrudDesenvolvedoresTeste.csproj", "{C0DB9B0E-AB82-4331-80DB-9EB648E08C6A}"
EndProject
Global
	GlobalSection(SolutionConfigurationPlatforms) = preSolution
		Debug|Any CPU = Debug|Any CPU
		Release|Any CPU = Release|Any CPU
	EndGlobalSection
	GlobalSection(ProjectConfigurationPlatforms) = postSolution
		{5115FDB3-5839-4F54-BB59-1263BBE025A6}.Debug|Any CPU.ActiveCfg = Debug|Any CPU
		{5115FDB3-5839-4F54-BB59-1263BBE025A6}.Debug|Any CPU.Build.0 = Debug|Any CPU
		{5115FDB3-5839-4F54-BB59-1263BBE025A6}.Release|Any CPU.ActiveCfg = Release|Any CPU
		{5115FDB3-5839-4F54-BB59-1263BBE025A6}.Release|Any CPU.Build.0 = Release|Any CPU
		{C0DB9B0E-AB82-4331-80DB-9EB648E08C6A}.Debug|Any CPU.ActiveCfg = Debug|Any CPU
		{C0DB9B0E-AB82-4331-80DB-9EB648E08C6A}.Debug|Any CPU.Build.0 = Debug|Any CPU
		{C0DB9B0E-AB82-4331-80DB-9EB648E08C6A}.Release|Any CPU.ActiveCfg = Release|Any CPU
		{C0DB9B0E-AB82-4331-80DB-9EB648E08C6A}.Release|Any CPU.Build.0 = Release|Any CPU
	EndGlobalSection
	GlobalSection(SolutionProperties) = preSolution
		HideSolutionNode = FALSE
	EndGlobalSection
	GlobalSection(ExtensibilityGlobals) = postSolution
		SolutionGuid = {B30C7894-5ED6-4526-B6F8-4175426C2D63}
	EndGlobalSection
EndGlobal
